
Microsoft Visual Studio Solution File, Format Version 12.00
# Visual Studio 15
VisualStudioVersion = 15.0.26730.12
MinimumVisualStudioVersion = 10.0.40219.1
Project("{FAE04EC0-301F-11D3-BF4B-00C04F79EFBC}") = "HomeInventorySite", "HomeInventorySite\HomeInventorySite.csproj", "{2AB7BB7A-ADD3-41FD-B62E-3BCA1083C286}"
EndProject
Project("{2150E333-8FDC-42A3-9474-1A3956D46DE8}") = "Solution Items", "Solution Items", "{266A7B8C-D686-4D15-A157-65325A6A1191}"
	ProjectSection(SolutionItems) = preProject
		StyleSheet.css = StyleSheet.css
	EndProjectSection
EndProject
Global
	GlobalSection(SolutionConfigurationPlatforms) = preSolution
		Debug|Any CPU = Debug|Any CPU
		Release|Any CPU = Release|Any CPU
	EndGlobalSection
	GlobalSection(ProjectConfigurationPlatforms) = postSolution
		{2AB7BB7A-ADD3-41FD-B62E-3BCA1083C286}.Debug|Any CPU.ActiveCfg = Debug|Any CPU
		{2AB7BB7A-ADD3-41FD-B62E-3BCA1083C286}.Debug|Any CPU.Build.0 = Debug|Any CPU
		{2AB7BB7A-ADD3-41FD-B62E-3BCA1083C286}.Release|Any CPU.ActiveCfg = Release|Any CPU
		{2AB7BB7A-ADD3-41FD-B62E-3BCA1083C286}.Release|Any CPU.Build.0 = Release|Any CPU
	EndGlobalSection
	GlobalSection(SolutionProperties) = preSolution
		HideSolutionNode = FALSE
	EndGlobalSection
	GlobalSection(ExtensibilityGlobals) = postSolution
		SolutionGuid = {19627977-94C3-46B1-B990-7B06D05FC9A8}
	EndGlobalSection
EndGlobal
